
Microsoft Visual Studio Solution File, Format Version 9.00
# Visual Studio 2005
Project("{FAE04EC0-301F-11D3-BF4B-00C04F79EFBC}") = "ET", "ET\ET.csproj", "{01ACB36B-53D5-443B-9CC3-47EC018250E6}"
EndProject
Project("{54435603-DBB4-11D2-8724-00A0C9A8B90C}") = "ETSetup", "ETSetup\ETSetup.vdproj", "{9F44E727-D731-4F2D-97B8-36CF3CA2C793}"
EndProject
Global
	GlobalSection(SolutionConfigurationPlatforms) = preSolution
		Debug|Any CPU = Debug|Any CPU
		Release|Any CPU = Release|Any CPU
	EndGlobalSection
	GlobalSection(ProjectConfigurationPlatforms) = postSolution
		{01ACB36B-53D5-443B-9CC3-47EC018250E6}.Debug|Any CPU.ActiveCfg = Debug|Any CPU
		{01ACB36B-53D5-443B-9CC3-47EC018250E6}.Debug|Any CPU.Build.0 = Debug|Any CPU
		{01ACB36B-53D5-443B-9CC3-47EC018250E6}.Release|Any CPU.ActiveCfg = Release|Any CPU
		{01ACB36B-53D5-443B-9CC3-47EC018250E6}.Release|Any CPU.Build.0 = Release|Any CPU
		{9F44E727-D731-4F2D-97B8-36CF3CA2C793}.Debug|Any CPU.ActiveCfg = Debug
		{9F44E727-D731-4F2D-97B8-36CF3CA2C793}.Release|Any CPU.ActiveCfg = Release
	EndGlobalSection
	GlobalSection(SolutionProperties) = preSolution
		HideSolutionNode = FALSE
	EndGlobalSection
EndGlobal
